// !$*UTF8*$!
{
	archiveVersion = 1;
	classes = {
	};
	objectVersion = 50;
	objects = {

/* Begin PBXBuildFile section */
		12A2319A6996B2076AC64BBF /* .gitignore in Resources */ = {isa = PBXBuildFile; fileRef = 12A232B2141A364A784D63B0 /* .gitignore */; };
		12A231E1F56BDCAE5AF61A27 /* PersistenceManager.swift in Sources */ = {isa = PBXBuildFile; fileRef = 12A23BB72483753C31597950 /* PersistenceManager.swift */; };
		12A2324C87D8B9716B9589BA /* ApiClient.swift in Sources */ = {isa = PBXBuildFile; fileRef = 12A23DD626872F35B3A19703 /* ApiClient.swift */; };
		12A2324D3329F18B5BC5D196 /* FavoriteDetail.swift in Sources */ = {isa = PBXBuildFile; fileRef = 12A23784B79DC26F87D8E1A6 /* FavoriteDetail.swift */; };
		12A2350C3C4F2E635A5C38F4 /* SettingsService.swift in Sources */ = {isa = PBXBuildFile; fileRef = 12A237720FD4B1B9DE242D36 /* SettingsService.swift */; };
		12A23525D7987D47EA593EA4 /* FavoriteJokesViewModel.swift in Sources */ = {isa = PBXBuildFile; fileRef = 12A23B57E6EC17287A283B8A /* FavoriteJokesViewModel.swift */; };
		12A235E52D8279FB8F9E53E8 /* Settings.swift in Sources */ = {isa = PBXBuildFile; fileRef = 12A2325A20B0DB0CB3056804 /* Settings.swift */; };
		12A236966C4AD6ED9F131EC1 /* SettingsViewModel.swift in Sources */ = {isa = PBXBuildFile; fileRef = 12A236EBE8990DEB4EA460F7 /* SettingsViewModel.swift */; };
		12A236AA06B96D50F33C7AEC /* FavoriteButton.swift in Sources */ = {isa = PBXBuildFile; fileRef = 12A235B7786C7B9E633656BA /* FavoriteButton.swift */; };
		12A2376EF22CD6D73DCC7B48 /* ApiResponse.swift in Sources */ = {isa = PBXBuildFile; fileRef = 12A237DC252F6239BC0601E3 /* ApiResponse.swift */; };
		12A237CFDA5509706FD9BD87 /* FavoriteJokeService.swift in Sources */ = {isa = PBXBuildFile; fileRef = 12A2329983621B5CE006A98C /* FavoriteJokeService.swift */; };
		12A238683009251334A023B4 /* FavoritesView.swift in Sources */ = {isa = PBXBuildFile; fileRef = 12A234372FF99E7E9F49D959 /* FavoritesView.swift */; };
		12A238F359A82F669CA83501 /* JokesViewModel.swift in Sources */ = {isa = PBXBuildFile; fileRef = 12A23AF86D10AD84FB643BCA /* JokesViewModel.swift */; };
		12A2393C3D020D6A06D515CA /* JokeModel.swift in Sources */ = {isa = PBXBuildFile; fileRef = 12A2344131FCBC9B7FFD43BE /* JokeModel.swift */; };
		12A239F3D71BAE512D9E0C76 /* JokeService.swift in Sources */ = {isa = PBXBuildFile; fileRef = 12A239FF4DBFDA5C6DAF2645 /* JokeService.swift */; };
		12A23AA94F39C565C08998E4 /* JokeListItem.swift in Sources */ = {isa = PBXBuildFile; fileRef = 12A231A97AC3598AE4466263 /* JokeListItem.swift */; };
		12A23B003D6AEB754FF1902B /* JokesView.swift in Sources */ = {isa = PBXBuildFile; fileRef = 12A234BB9099F141D7B06963 /* JokesView.swift */; };
		12A23D454E7BCD0351A6F350 /* CategoriesView.swift in Sources */ = {isa = PBXBuildFile; fileRef = 12A23C6914A50820FD6ED390 /* CategoriesView.swift */; };
		12A23E8020B6FE8F14B58349 /* FavoriteItem.swift in Sources */ = {isa = PBXBuildFile; fileRef = 12A23AB29DDE45B0041602F1 /* FavoriteItem.swift */; };
		12A23F739B1263EA0EFB6DEC /* SettingsView.swift in Sources */ = {isa = PBXBuildFile; fileRef = 12A23427860D08BAA048A028 /* SettingsView.swift */; };
		7B2774B625ECFD77006E8395 /* WidgetKit.framework in Frameworks */ = {isa = PBXBuildFile; fileRef = 7B2774B525ECFD77006E8395 /* WidgetKit.framework */; };
		7B2774B825ECFD77006E8395 /* SwiftUI.framework in Frameworks */ = {isa = PBXBuildFile; fileRef = 7B2774B725ECFD77006E8395 /* SwiftUI.framework */; };
		7B2774BB25ECFD77006E8395 /* RandomJokeWidget.swift in Sources */ = {isa = PBXBuildFile; fileRef = 7B2774BA25ECFD77006E8395 /* RandomJokeWidget.swift */; };
		7B2774BD25ECFD79006E8395 /* Assets.xcassets in Resources */ = {isa = PBXBuildFile; fileRef = 7B2774BC25ECFD79006E8395 /* Assets.xcassets */; };
		7B2774C125ECFD79006E8395 /* RandomJokeWidgetExtension.appex in Embed App Extensions */ = {isa = PBXBuildFile; fileRef = 7B2774B325ECFD77006E8395 /* RandomJokeWidgetExtension.appex */; settings = {ATTRIBUTES = (RemoveHeadersOnCopy, ); }; };
		7B56001E25ECFE280043F5F3 /* JokeService.swift in Sources */ = {isa = PBXBuildFile; fileRef = 12A239FF4DBFDA5C6DAF2645 /* JokeService.swift */; };
		7B56002325ECFE380043F5F3 /* JokeModel.swift in Sources */ = {isa = PBXBuildFile; fileRef = 12A2344131FCBC9B7FFD43BE /* JokeModel.swift */; };
		7B56002925ECFEA90043F5F3 /* RandomJokeWidgetView.swift in Sources */ = {isa = PBXBuildFile; fileRef = 7B56002825ECFEA90043F5F3 /* RandomJokeWidgetView.swift */; };
		7B56002F25ED00A40043F5F3 /* RandomJokeViewModel.swift in Sources */ = {isa = PBXBuildFile; fileRef = 7B56002E25ED00A40043F5F3 /* RandomJokeViewModel.swift */; };
		7B56003425ED021E0043F5F3 /* PersistenceManager.swift in Sources */ = {isa = PBXBuildFile; fileRef = 12A23BB72483753C31597950 /* PersistenceManager.swift */; };
		7B56003925ED022A0043F5F3 /* ApiClient.swift in Sources */ = {isa = PBXBuildFile; fileRef = 12A23DD626872F35B3A19703 /* ApiClient.swift */; };
		7B56003E25ED022E0043F5F3 /* ApiResponse.swift in Sources */ = {isa = PBXBuildFile; fileRef = 12A237DC252F6239BC0601E3 /* ApiResponse.swift */; };
		7B56004325ED02390043F5F3 /* Settings.swift in Sources */ = {isa = PBXBuildFile; fileRef = 12A2325A20B0DB0CB3056804 /* Settings.swift */; };
		7B56004925ED0A2C0043F5F3 /* RandomJokeProvider.swift in Sources */ = {isa = PBXBuildFile; fileRef = 7B56004825ED0A2C0043F5F3 /* RandomJokeProvider.swift */; };
		7B56004E25ED0A6F0043F5F3 /* SettingsService.swift in Sources */ = {isa = PBXBuildFile; fileRef = 12A237720FD4B1B9DE242D36 /* SettingsService.swift */; };
		7B9887F125E5465B0084085D /* ChuckNorrisApp.swift in Sources */ = {isa = PBXBuildFile; fileRef = 7B9887F025E5465B0084085D /* ChuckNorrisApp.swift */; };
		7B9887F525E5465D0084085D /* Assets.xcassets in Resources */ = {isa = PBXBuildFile; fileRef = 7B9887F425E5465D0084085D /* Assets.xcassets */; };
		7B9887F825E5465D0084085D /* Preview Assets.xcassets in Resources */ = {isa = PBXBuildFile; fileRef = 7B9887F725E5465D0084085D /* Preview Assets.xcassets */; };
		7B98880325E5465D0084085D /* ChuckNorrisTests.swift in Sources */ = {isa = PBXBuildFile; fileRef = 7B98880225E5465D0084085D /* ChuckNorrisTests.swift */; };
		7B98880E25E5465D0084085D /* ChuckNorrisUITests.swift in Sources */ = {isa = PBXBuildFile; fileRef = 7B98880D25E5465D0084085D /* ChuckNorrisUITests.swift */; };
/* End PBXBuildFile section */

/* Begin PBXContainerItemProxy section */
		7B2774BF25ECFD79006E8395 /* PBXContainerItemProxy */ = {
			isa = PBXContainerItemProxy;
			containerPortal = 7B9887E525E5465B0084085D /* Project object */;
			proxyType = 1;
			remoteGlobalIDString = 7B2774B225ECFD77006E8395;
			remoteInfo = RandomJokeWidgetExtension;
		};
		7B9887FF25E5465D0084085D /* PBXContainerItemProxy */ = {
			isa = PBXContainerItemProxy;
			containerPortal = 7B9887E525E5465B0084085D /* Project object */;
			proxyType = 1;
			remoteGlobalIDString = 7B9887EC25E5465B0084085D;
			remoteInfo = ChuckNorris;
		};
		7B98880A25E5465D0084085D /* PBXContainerItemProxy */ = {
			isa = PBXContainerItemProxy;
			containerPortal = 7B9887E525E5465B0084085D /* Project object */;
			proxyType = 1;
			remoteGlobalIDString = 7B9887EC25E5465B0084085D;
			remoteInfo = ChuckNorris;
		};
/* End PBXContainerItemProxy section */

/* Begin PBXCopyFilesBuildPhase section */
		7B2774C225ECFD79006E8395 /* Embed App Extensions */ = {
			isa = PBXCopyFilesBuildPhase;
			buildActionMask = 2147483647;
			dstPath = "";
			dstSubfolderSpec = 13;
			files = (
				7B2774C125ECFD79006E8395 /* RandomJokeWidgetExtension.appex in Embed App Extensions */,
			);
			name = "Embed App Extensions";
			runOnlyForDeploymentPostprocessing = 0;
		};
/* End PBXCopyFilesBuildPhase section */

/* Begin PBXFileReference section */
		12A231A97AC3598AE4466263 /* JokeListItem.swift */ = {isa = PBXFileReference; fileEncoding = 4; lastKnownFileType = sourcecode.swift; path = JokeListItem.swift; sourceTree = "<group>"; };
		12A2325A20B0DB0CB3056804 /* Settings.swift */ = {isa = PBXFileReference; fileEncoding = 4; lastKnownFileType = sourcecode.swift; path = Settings.swift; sourceTree = "<group>"; };
		12A2329983621B5CE006A98C /* FavoriteJokeService.swift */ = {isa = PBXFileReference; fileEncoding = 4; lastKnownFileType = sourcecode.swift; path = FavoriteJokeService.swift; sourceTree = "<group>"; };
		12A232B2141A364A784D63B0 /* .gitignore */ = {isa = PBXFileReference; lastKnownFileType = file.gitignore; path = .gitignore; sourceTree = "<group>"; };
		12A23427860D08BAA048A028 /* SettingsView.swift */ = {isa = PBXFileReference; fileEncoding = 4; lastKnownFileType = sourcecode.swift; path = SettingsView.swift; sourceTree = "<group>"; };
		12A234372FF99E7E9F49D959 /* FavoritesView.swift */ = {isa = PBXFileReference; fileEncoding = 4; lastKnownFileType = sourcecode.swift; path = FavoritesView.swift; sourceTree = "<group>"; };
		12A2344131FCBC9B7FFD43BE /* JokeModel.swift */ = {isa = PBXFileReference; fileEncoding = 4; lastKnownFileType = sourcecode.swift; path = JokeModel.swift; sourceTree = "<group>"; };
		12A234BB9099F141D7B06963 /* JokesView.swift */ = {isa = PBXFileReference; fileEncoding = 4; lastKnownFileType = sourcecode.swift; path = JokesView.swift; sourceTree = "<group>"; };
		12A235B7786C7B9E633656BA /* FavoriteButton.swift */ = {isa = PBXFileReference; fileEncoding = 4; lastKnownFileType = sourcecode.swift; path = FavoriteButton.swift; sourceTree = "<group>"; };
		12A236EBE8990DEB4EA460F7 /* SettingsViewModel.swift */ = {isa = PBXFileReference; fileEncoding = 4; lastKnownFileType = sourcecode.swift; path = SettingsViewModel.swift; sourceTree = "<group>"; };
		12A237720FD4B1B9DE242D36 /* SettingsService.swift */ = {isa = PBXFileReference; fileEncoding = 4; lastKnownFileType = sourcecode.swift; path = SettingsService.swift; sourceTree = "<group>"; };
		12A23784B79DC26F87D8E1A6 /* FavoriteDetail.swift */ = {isa = PBXFileReference; fileEncoding = 4; lastKnownFileType = sourcecode.swift; path = FavoriteDetail.swift; sourceTree = "<group>"; };
		12A237DC252F6239BC0601E3 /* ApiResponse.swift */ = {isa = PBXFileReference; fileEncoding = 4; lastKnownFileType = sourcecode.swift; path = ApiResponse.swift; sourceTree = "<group>"; };
		12A239FF4DBFDA5C6DAF2645 /* JokeService.swift */ = {isa = PBXFileReference; fileEncoding = 4; lastKnownFileType = sourcecode.swift; path = JokeService.swift; sourceTree = "<group>"; };
		12A23AB29DDE45B0041602F1 /* FavoriteItem.swift */ = {isa = PBXFileReference; fileEncoding = 4; lastKnownFileType = sourcecode.swift; path = FavoriteItem.swift; sourceTree = "<group>"; };
		12A23AF86D10AD84FB643BCA /* JokesViewModel.swift */ = {isa = PBXFileReference; fileEncoding = 4; lastKnownFileType = sourcecode.swift; path = JokesViewModel.swift; sourceTree = "<group>"; };
		12A23B57E6EC17287A283B8A /* FavoriteJokesViewModel.swift */ = {isa = PBXFileReference; fileEncoding = 4; lastKnownFileType = sourcecode.swift; path = FavoriteJokesViewModel.swift; sourceTree = "<group>"; };
		12A23BB72483753C31597950 /* PersistenceManager.swift */ = {isa = PBXFileReference; fileEncoding = 4; lastKnownFileType = sourcecode.swift; path = PersistenceManager.swift; sourceTree = "<group>"; };
		12A23C6914A50820FD6ED390 /* CategoriesView.swift */ = {isa = PBXFileReference; fileEncoding = 4; lastKnownFileType = sourcecode.swift; path = CategoriesView.swift; sourceTree = "<group>"; };
		12A23DD626872F35B3A19703 /* ApiClient.swift */ = {isa = PBXFileReference; fileEncoding = 4; lastKnownFileType = sourcecode.swift; path = ApiClient.swift; sourceTree = "<group>"; };
		7B2774B325ECFD77006E8395 /* RandomJokeWidgetExtension.appex */ = {isa = PBXFileReference; explicitFileType = "wrapper.app-extension"; includeInIndex = 0; path = RandomJokeWidgetExtension.appex; sourceTree = BUILT_PRODUCTS_DIR; };
		7B2774B525ECFD77006E8395 /* WidgetKit.framework */ = {isa = PBXFileReference; lastKnownFileType = wrapper.framework; name = WidgetKit.framework; path = System/Library/Frameworks/WidgetKit.framework; sourceTree = SDKROOT; };
		7B2774B725ECFD77006E8395 /* SwiftUI.framework */ = {isa = PBXFileReference; lastKnownFileType = wrapper.framework; name = SwiftUI.framework; path = System/Library/Frameworks/SwiftUI.framework; sourceTree = SDKROOT; };
		7B2774BA25ECFD77006E8395 /* RandomJokeWidget.swift */ = {isa = PBXFileReference; lastKnownFileType = sourcecode.swift; path = RandomJokeWidget.swift; sourceTree = "<group>"; };
		7B2774BC25ECFD79006E8395 /* Assets.xcassets */ = {isa = PBXFileReference; lastKnownFileType = folder.assetcatalog; path = Assets.xcassets; sourceTree = "<group>"; };
		7B2774BE25ECFD79006E8395 /* Info.plist */ = {isa = PBXFileReference; lastKnownFileType = text.plist.xml; path = Info.plist; sourceTree = "<group>"; };
		7B56002825ECFEA90043F5F3 /* RandomJokeWidgetView.swift */ = {isa = PBXFileReference; lastKnownFileType = sourcecode.swift; path = RandomJokeWidgetView.swift; sourceTree = "<group>"; };
		7B56002E25ED00A40043F5F3 /* RandomJokeViewModel.swift */ = {isa = PBXFileReference; lastKnownFileType = sourcecode.swift; path = RandomJokeViewModel.swift; sourceTree = "<group>"; };
		7B56004825ED0A2C0043F5F3 /* RandomJokeProvider.swift */ = {isa = PBXFileReference; lastKnownFileType = sourcecode.swift; path = RandomJokeProvider.swift; sourceTree = "<group>"; };
		7B56005325ED0F640043F5F3 /* ChuckNorris.entitlements */ = {isa = PBXFileReference; lastKnownFileType = text.plist.entitlements; path = ChuckNorris.entitlements; sourceTree = "<group>"; };
		7B56005425ED0F830043F5F3 /* RandomJokeWidgetExtension.entitlements */ = {isa = PBXFileReference; lastKnownFileType = text.plist.entitlements; path = RandomJokeWidgetExtension.entitlements; sourceTree = "<group>"; };
		7B9887ED25E5465B0084085D /* ChuckNorris.app */ = {isa = PBXFileReference; explicitFileType = wrapper.application; includeInIndex = 0; path = ChuckNorris.app; sourceTree = BUILT_PRODUCTS_DIR; };
		7B9887F025E5465B0084085D /* ChuckNorrisApp.swift */ = {isa = PBXFileReference; lastKnownFileType = sourcecode.swift; path = ChuckNorrisApp.swift; sourceTree = "<group>"; };
		7B9887F425E5465D0084085D /* Assets.xcassets */ = {isa = PBXFileReference; lastKnownFileType = folder.assetcatalog; path = Assets.xcassets; sourceTree = "<group>"; };
		7B9887F725E5465D0084085D /* Preview Assets.xcassets */ = {isa = PBXFileReference; lastKnownFileType = folder.assetcatalog; path = "Preview Assets.xcassets"; sourceTree = "<group>"; };
		7B9887F925E5465D0084085D /* Info.plist */ = {isa = PBXFileReference; lastKnownFileType = text.plist.xml; path = Info.plist; sourceTree = "<group>"; };
		7B9887FE25E5465D0084085D /* ChuckNorrisTests.xctest */ = {isa = PBXFileReference; explicitFileType = wrapper.cfbundle; includeInIndex = 0; path = ChuckNorrisTests.xctest; sourceTree = BUILT_PRODUCTS_DIR; };
		7B98880225E5465D0084085D /* ChuckNorrisTests.swift */ = {isa = PBXFileReference; lastKnownFileType = sourcecode.swift; path = ChuckNorrisTests.swift; sourceTree = "<group>"; };
		7B98880425E5465D0084085D /* Info.plist */ = {isa = PBXFileReference; lastKnownFileType = text.plist.xml; path = Info.plist; sourceTree = "<group>"; };
		7B98880925E5465D0084085D /* ChuckNorrisUITests.xctest */ = {isa = PBXFileReference; explicitFileType = wrapper.cfbundle; includeInIndex = 0; path = ChuckNorrisUITests.xctest; sourceTree = BUILT_PRODUCTS_DIR; };
		7B98880D25E5465D0084085D /* ChuckNorrisUITests.swift */ = {isa = PBXFileReference; lastKnownFileType = sourcecode.swift; path = ChuckNorrisUITests.swift; sourceTree = "<group>"; };
		7B98880F25E5465D0084085D /* Info.plist */ = {isa = PBXFileReference; lastKnownFileType = text.plist.xml; path = Info.plist; sourceTree = "<group>"; };
/* End PBXFileReference section */

/* Begin PBXFrameworksBuildPhase section */
		7B2774B025ECFD77006E8395 /* Frameworks */ = {
			isa = PBXFrameworksBuildPhase;
			buildActionMask = 2147483647;
			files = (
				7B2774B825ECFD77006E8395 /* SwiftUI.framework in Frameworks */,
				7B2774B625ECFD77006E8395 /* WidgetKit.framework in Frameworks */,
			);
			runOnlyForDeploymentPostprocessing = 0;
		};
		7B9887EA25E5465B0084085D /* Frameworks */ = {
			isa = PBXFrameworksBuildPhase;
			buildActionMask = 2147483647;
			files = (
			);
			runOnlyForDeploymentPostprocessing = 0;
		};
		7B9887FB25E5465D0084085D /* Frameworks */ = {
			isa = PBXFrameworksBuildPhase;
			buildActionMask = 2147483647;
			files = (
			);
			runOnlyForDeploymentPostprocessing = 0;
		};
		7B98880625E5465D0084085D /* Frameworks */ = {
			isa = PBXFrameworksBuildPhase;
			buildActionMask = 2147483647;
			files = (
			);
			runOnlyForDeploymentPostprocessing = 0;
		};
/* End PBXFrameworksBuildPhase section */

/* Begin PBXGroup section */
		12A2300B5EAEF3375668B7F0 /* Services */ = {
			isa = PBXGroup;
			children = (
				12A23DD626872F35B3A19703 /* ApiClient.swift */,
				12A239FF4DBFDA5C6DAF2645 /* JokeService.swift */,
				12A2329983621B5CE006A98C /* FavoriteJokeService.swift */,
				12A23BB72483753C31597950 /* PersistenceManager.swift */,
				12A237720FD4B1B9DE242D36 /* SettingsService.swift */,
			);
			path = Services;
			sourceTree = "<group>";
		};
		12A232FFC0D045BB7EA2D02C /* Views */ = {
			isa = PBXGroup;
			children = (
				12A234BB9099F141D7B06963 /* JokesView.swift */,
				12A23FD9F2D2629AC32FAA1A /* Components */,
				12A235A9953505E55D155A5B /* Features */,
				12A23C6914A50820FD6ED390 /* CategoriesView.swift */,
			);
			path = Views;
			sourceTree = "<group>";
		};
		12A23367E337F2B726766A1D /* ViewModels */ = {
			isa = PBXGroup;
			children = (
				12A23AF86D10AD84FB643BCA /* JokesViewModel.swift */,
				12A23B57E6EC17287A283B8A /* FavoriteJokesViewModel.swift */,
				12A236EBE8990DEB4EA460F7 /* SettingsViewModel.swift */,
			);
			path = ViewModels;
			sourceTree = "<group>";
		};
		12A235A9953505E55D155A5B /* Features */ = {
			isa = PBXGroup;
			children = (
				12A23EEA48074C236DA0D7ED /* Settings */,
				12A23AFF7AEF282B1433AA9D /* Favorites */,
			);
			path = Features;
			sourceTree = "<group>";
		};
		12A236B4071AB41679E25619 /* Models */ = {
			isa = PBXGroup;
			children = (
				12A2344131FCBC9B7FFD43BE /* JokeModel.swift */,
				12A237DC252F6239BC0601E3 /* ApiResponse.swift */,
				12A2325A20B0DB0CB3056804 /* Settings.swift */,
			);
			path = Models;
			sourceTree = "<group>";
		};
		12A23AFF7AEF282B1433AA9D /* Favorites */ = {
			isa = PBXGroup;
			children = (
				12A234372FF99E7E9F49D959 /* FavoritesView.swift */,
				12A23784B79DC26F87D8E1A6 /* FavoriteDetail.swift */,
			);
			path = Favorites;
			sourceTree = "<group>";
		};
		12A23EEA48074C236DA0D7ED /* Settings */ = {
			isa = PBXGroup;
			children = (
				12A23427860D08BAA048A028 /* SettingsView.swift */,
			);
			path = Settings;
			sourceTree = "<group>";
		};
		12A23FD9F2D2629AC32FAA1A /* Components */ = {
			isa = PBXGroup;
			children = (
				12A231A97AC3598AE4466263 /* JokeListItem.swift */,
				12A235B7786C7B9E633656BA /* FavoriteButton.swift */,
				12A23AB29DDE45B0041602F1 /* FavoriteItem.swift */,
			);
			path = Components;
			sourceTree = "<group>";
		};
		7B2774B425ECFD77006E8395 /* Frameworks */ = {
			isa = PBXGroup;
			children = (
				7B2774B525ECFD77006E8395 /* WidgetKit.framework */,
				7B2774B725ECFD77006E8395 /* SwiftUI.framework */,
			);
			name = Frameworks;
			sourceTree = "<group>";
		};
		7B2774B925ECFD77006E8395 /* RandomJokeWidget */ = {
			isa = PBXGroup;
			children = (
				7B2774BA25ECFD77006E8395 /* RandomJokeWidget.swift */,
				7B2774BC25ECFD79006E8395 /* Assets.xcassets */,
				7B2774BE25ECFD79006E8395 /* Info.plist */,
				7B56002825ECFEA90043F5F3 /* RandomJokeWidgetView.swift */,
				7B56002E25ED00A40043F5F3 /* RandomJokeViewModel.swift */,
				7B56004825ED0A2C0043F5F3 /* RandomJokeProvider.swift */,
			);
			path = RandomJokeWidget;
			sourceTree = "<group>";
		};
		7B9887E425E5465B0084085D = {
			isa = PBXGroup;
			children = (
				7B56005425ED0F830043F5F3 /* RandomJokeWidgetExtension.entitlements */,
				7B9887EF25E5465B0084085D /* ChuckNorris */,
				7B98880125E5465D0084085D /* ChuckNorrisTests */,
				7B98880C25E5465D0084085D /* ChuckNorrisUITests */,
				7B2774B925ECFD77006E8395 /* RandomJokeWidget */,
				7B2774B425ECFD77006E8395 /* Frameworks */,
				7B9887EE25E5465B0084085D /* Products */,
				12A232B2141A364A784D63B0 /* .gitignore */,
			);
			sourceTree = "<group>";
		};
		7B9887EE25E5465B0084085D /* Products */ = {
			isa = PBXGroup;
			children = (
				7B9887ED25E5465B0084085D /* ChuckNorris.app */,
				7B9887FE25E5465D0084085D /* ChuckNorrisTests.xctest */,
				7B98880925E5465D0084085D /* ChuckNorrisUITests.xctest */,
				7B2774B325ECFD77006E8395 /* RandomJokeWidgetExtension.appex */,
			);
			name = Products;
			sourceTree = "<group>";
		};
		7B9887EF25E5465B0084085D /* ChuckNorris */ = {
			isa = PBXGroup;
			children = (
				7B56005325ED0F640043F5F3 /* ChuckNorris.entitlements */,
				7B9887F025E5465B0084085D /* ChuckNorrisApp.swift */,
				7B9887F425E5465D0084085D /* Assets.xcassets */,
				7B9887F925E5465D0084085D /* Info.plist */,
				7B9887F625E5465D0084085D /* Preview Content */,
				12A2300B5EAEF3375668B7F0 /* Services */,
				12A236B4071AB41679E25619 /* Models */,
				12A23367E337F2B726766A1D /* ViewModels */,
				12A232FFC0D045BB7EA2D02C /* Views */,
			);
			path = ChuckNorris;
			sourceTree = "<group>";
		};
		7B9887F625E5465D0084085D /* Preview Content */ = {
			isa = PBXGroup;
			children = (
				7B9887F725E5465D0084085D /* Preview Assets.xcassets */,
			);
			path = "Preview Content";
			sourceTree = "<group>";
		};
		7B98880125E5465D0084085D /* ChuckNorrisTests */ = {
			isa = PBXGroup;
			children = (
				7B98880225E5465D0084085D /* ChuckNorrisTests.swift */,
				7B98880425E5465D0084085D /* Info.plist */,
			);
			path = ChuckNorrisTests;
			sourceTree = "<group>";
		};
		7B98880C25E5465D0084085D /* ChuckNorrisUITests */ = {
			isa = PBXGroup;
			children = (
				7B98880D25E5465D0084085D /* ChuckNorrisUITests.swift */,
				7B98880F25E5465D0084085D /* Info.plist */,
			);
			path = ChuckNorrisUITests;
			sourceTree = "<group>";
		};
/* End PBXGroup section */

/* Begin PBXNativeTarget section */
		7B2774B225ECFD77006E8395 /* RandomJokeWidgetExtension */ = {
			isa = PBXNativeTarget;
			buildConfigurationList = 7B2774C525ECFD79006E8395 /* Build configuration list for PBXNativeTarget "RandomJokeWidgetExtension" */;
			buildPhases = (
				7B2774AF25ECFD77006E8395 /* Sources */,
				7B2774B025ECFD77006E8395 /* Frameworks */,
				7B2774B125ECFD77006E8395 /* Resources */,
			);
			buildRules = (
			);
			dependencies = (
			);
			name = RandomJokeWidgetExtension;
			productName = RandomJokeWidgetExtension;
			productReference = 7B2774B325ECFD77006E8395 /* RandomJokeWidgetExtension.appex */;
			productType = "com.apple.product-type.app-extension";
		};
		7B9887EC25E5465B0084085D /* ChuckNorris */ = {
			isa = PBXNativeTarget;
			buildConfigurationList = 7B98881225E5465D0084085D /* Build configuration list for PBXNativeTarget "ChuckNorris" */;
			buildPhases = (
				7B9887E925E5465B0084085D /* Sources */,
				7B9887EA25E5465B0084085D /* Frameworks */,
				7B9887EB25E5465B0084085D /* Resources */,
				7B2774C225ECFD79006E8395 /* Embed App Extensions */,
			);
			buildRules = (
			);
			dependencies = (
				7B2774C025ECFD79006E8395 /* PBXTargetDependency */,
			);
			name = ChuckNorris;
			productName = ChuckNorris;
			productReference = 7B9887ED25E5465B0084085D /* ChuckNorris.app */;
			productType = "com.apple.product-type.application";
		};
		7B9887FD25E5465D0084085D /* ChuckNorrisTests */ = {
			isa = PBXNativeTarget;
			buildConfigurationList = 7B98881525E5465D0084085D /* Build configuration list for PBXNativeTarget "ChuckNorrisTests" */;
			buildPhases = (
				7B9887FA25E5465D0084085D /* Sources */,
				7B9887FB25E5465D0084085D /* Frameworks */,
				7B9887FC25E5465D0084085D /* Resources */,
			);
			buildRules = (
			);
			dependencies = (
				7B98880025E5465D0084085D /* PBXTargetDependency */,
			);
			name = ChuckNorrisTests;
			productName = ChuckNorrisTests;
			productReference = 7B9887FE25E5465D0084085D /* ChuckNorrisTests.xctest */;
			productType = "com.apple.product-type.bundle.unit-test";
		};
		7B98880825E5465D0084085D /* ChuckNorrisUITests */ = {
			isa = PBXNativeTarget;
			buildConfigurationList = 7B98881825E5465D0084085D /* Build configuration list for PBXNativeTarget "ChuckNorrisUITests" */;
			buildPhases = (
				7B98880525E5465D0084085D /* Sources */,
				7B98880625E5465D0084085D /* Frameworks */,
				7B98880725E5465D0084085D /* Resources */,
			);
			buildRules = (
			);
			dependencies = (
				7B98880B25E5465D0084085D /* PBXTargetDependency */,
			);
			name = ChuckNorrisUITests;
			productName = ChuckNorrisUITests;
			productReference = 7B98880925E5465D0084085D /* ChuckNorrisUITests.xctest */;
			productType = "com.apple.product-type.bundle.ui-testing";
		};
/* End PBXNativeTarget section */

/* Begin PBXProject section */
		7B9887E525E5465B0084085D /* Project object */ = {
			isa = PBXProject;
			attributes = {
				LastSwiftUpdateCheck = 1240;
				LastUpgradeCheck = 1240;
				TargetAttributes = {
					7B2774B225ECFD77006E8395 = {
						CreatedOnToolsVersion = 12.4;
					};
					7B9887EC25E5465B0084085D = {
						CreatedOnToolsVersion = 12.4;
					};
					7B9887FD25E5465D0084085D = {
						CreatedOnToolsVersion = 12.4;
						TestTargetID = 7B9887EC25E5465B0084085D;
					};
					7B98880825E5465D0084085D = {
						CreatedOnToolsVersion = 12.4;
						TestTargetID = 7B9887EC25E5465B0084085D;
					};
				};
			};
			buildConfigurationList = 7B9887E825E5465B0084085D /* Build configuration list for PBXProject "ChuckNorris" */;
			compatibilityVersion = "Xcode 9.3";
			developmentRegion = en;
			hasScannedForEncodings = 0;
			knownRegions = (
				en,
				Base,
			);
			mainGroup = 7B9887E425E5465B0084085D;
			productRefGroup = 7B9887EE25E5465B0084085D /* Products */;
			projectDirPath = "";
			projectRoot = "";
			targets = (
				7B9887EC25E5465B0084085D /* ChuckNorris */,
				7B9887FD25E5465D0084085D /* ChuckNorrisTests */,
				7B98880825E5465D0084085D /* ChuckNorrisUITests */,
				7B2774B225ECFD77006E8395 /* RandomJokeWidgetExtension */,
			);
		};
/* End PBXProject section */

/* Begin PBXResourcesBuildPhase section */
		7B2774B125ECFD77006E8395 /* Resources */ = {
			isa = PBXResourcesBuildPhase;
			buildActionMask = 2147483647;
			files = (
				7B2774BD25ECFD79006E8395 /* Assets.xcassets in Resources */,
			);
			runOnlyForDeploymentPostprocessing = 0;
		};
		7B9887EB25E5465B0084085D /* Resources */ = {
			isa = PBXResourcesBuildPhase;
			buildActionMask = 2147483647;
			files = (
				7B9887F825E5465D0084085D /* Preview Assets.xcassets in Resources */,
				7B9887F525E5465D0084085D /* Assets.xcassets in Resources */,
				12A2319A6996B2076AC64BBF /* .gitignore in Resources */,
			);
			runOnlyForDeploymentPostprocessing = 0;
		};
		7B9887FC25E5465D0084085D /* Resources */ = {
			isa = PBXResourcesBuildPhase;
			buildActionMask = 2147483647;
			files = (
			);
			runOnlyForDeploymentPostprocessing = 0;
		};
		7B98880725E5465D0084085D /* Resources */ = {
			isa = PBXResourcesBuildPhase;
			buildActionMask = 2147483647;
			files = (
			);
			runOnlyForDeploymentPostprocessing = 0;
		};
/* End PBXResourcesBuildPhase section */

/* Begin PBXSourcesBuildPhase section */
		7B2774AF25ECFD77006E8395 /* Sources */ = {
			isa = PBXSourcesBuildPhase;
			buildActionMask = 2147483647;
			files = (
				7B56003925ED022A0043F5F3 /* ApiClient.swift in Sources */,
				7B56001E25ECFE280043F5F3 /* JokeService.swift in Sources */,
				7B56004925ED0A2C0043F5F3 /* RandomJokeProvider.swift in Sources */,
				7B2774BB25ECFD77006E8395 /* RandomJokeWidget.swift in Sources */,
				7B56002925ECFEA90043F5F3 /* RandomJokeWidgetView.swift in Sources */,
				7B56003425ED021E0043F5F3 /* PersistenceManager.swift in Sources */,
				7B56003E25ED022E0043F5F3 /* ApiResponse.swift in Sources */,
				7B56004E25ED0A6F0043F5F3 /* SettingsService.swift in Sources */,
				7B56004325ED02390043F5F3 /* Settings.swift in Sources */,
				7B56002F25ED00A40043F5F3 /* RandomJokeViewModel.swift in Sources */,
				7B56002325ECFE380043F5F3 /* JokeModel.swift in Sources */,
			);
			runOnlyForDeploymentPostprocessing = 0;
		};
		7B9887E925E5465B0084085D /* Sources */ = {
			isa = PBXSourcesBuildPhase;
			buildActionMask = 2147483647;
			files = (
				7B9887F125E5465B0084085D /* ChuckNorrisApp.swift in Sources */,
				12A2324C87D8B9716B9589BA /* ApiClient.swift in Sources */,
				12A2393C3D020D6A06D515CA /* JokeModel.swift in Sources */,
				12A2376EF22CD6D73DCC7B48 /* ApiResponse.swift in Sources */,
				12A239F3D71BAE512D9E0C76 /* JokeService.swift in Sources */,
				12A238F359A82F669CA83501 /* JokesViewModel.swift in Sources */,
				12A23B003D6AEB754FF1902B /* JokesView.swift in Sources */,
				12A23AA94F39C565C08998E4 /* JokeListItem.swift in Sources */,
				12A236AA06B96D50F33C7AEC /* FavoriteButton.swift in Sources */,
				12A237CFDA5509706FD9BD87 /* FavoriteJokeService.swift in Sources */,
				12A23525D7987D47EA593EA4 /* FavoriteJokesViewModel.swift in Sources */,
				12A231E1F56BDCAE5AF61A27 /* PersistenceManager.swift in Sources */,
				12A2350C3C4F2E635A5C38F4 /* SettingsService.swift in Sources */,
				12A235E52D8279FB8F9E53E8 /* Settings.swift in Sources */,
				12A236966C4AD6ED9F131EC1 /* SettingsViewModel.swift in Sources */,
				12A23E8020B6FE8F14B58349 /* FavoriteItem.swift in Sources */,
				12A23F739B1263EA0EFB6DEC /* SettingsView.swift in Sources */,
				12A238683009251334A023B4 /* FavoritesView.swift in Sources */,
				12A2324D3329F18B5BC5D196 /* FavoriteDetail.swift in Sources */,
				12A23D454E7BCD0351A6F350 /* CategoriesView.swift in Sources */,
			);
			runOnlyForDeploymentPostprocessing = 0;
		};
		7B9887FA25E5465D0084085D /* Sources */ = {
			isa = PBXSourcesBuildPhase;
			buildActionMask = 2147483647;
			files = (
				7B98880325E5465D0084085D /* ChuckNorrisTests.swift in Sources */,
			);
			runOnlyForDeploymentPostprocessing = 0;
		};
		7B98880525E5465D0084085D /* Sources */ = {
			isa = PBXSourcesBuildPhase;
			buildActionMask = 2147483647;
			files = (
				7B98880E25E5465D0084085D /* ChuckNorrisUITests.swift in Sources */,
			);
			runOnlyForDeploymentPostprocessing = 0;
		};
/* End PBXSourcesBuildPhase section */

/* Begin PBXTargetDependency section */
		7B2774C025ECFD79006E8395 /* PBXTargetDependency */ = {
			isa = PBXTargetDependency;
			target = 7B2774B225ECFD77006E8395 /* RandomJokeWidgetExtension */;
			targetProxy = 7B2774BF25ECFD79006E8395 /* PBXContainerItemProxy */;
		};
		7B98880025E5465D0084085D /* PBXTargetDependency */ = {
			isa = PBXTargetDependency;
			target = 7B9887EC25E5465B0084085D /* ChuckNorris */;
			targetProxy = 7B9887FF25E5465D0084085D /* PBXContainerItemProxy */;
		};
		7B98880B25E5465D0084085D /* PBXTargetDependency */ = {
			isa = PBXTargetDependency;
			target = 7B9887EC25E5465B0084085D /* ChuckNorris */;
			targetProxy = 7B98880A25E5465D0084085D /* PBXContainerItemProxy */;
		};
/* End PBXTargetDependency section */

/* Begin XCBuildConfiguration section */
		7B2774C325ECFD79006E8395 /* Debug */ = {
			isa = XCBuildConfiguration;
			buildSettings = {
				ASSETCATALOG_COMPILER_GLOBAL_ACCENT_COLOR_NAME = AccentColor;
				ASSETCATALOG_COMPILER_WIDGET_BACKGROUND_COLOR_NAME = WidgetBackground;
				CODE_SIGN_ENTITLEMENTS = RandomJokeWidgetExtension.entitlements;
				CODE_SIGN_STYLE = Automatic;
				DEVELOPMENT_TEAM = 45A9W2MVL6;
				INFOPLIST_FILE = RandomJokeWidget/Info.plist;
				LD_RUNPATH_SEARCH_PATHS = (
					"$(inherited)",
					"@executable_path/Frameworks",
					"@executable_path/../../Frameworks",
				);
				PRODUCT_BUNDLE_IDENTIFIER = mkrophol.ChuckNorris.RandomJokeWidget;
				PRODUCT_NAME = "$(TARGET_NAME)";
				SKIP_INSTALL = YES;
				SWIFT_VERSION = 5.0;
				TARGETED_DEVICE_FAMILY = "1,2";
			};
			name = Debug;
		};
		7B2774C425ECFD79006E8395 /* Release */ = {
			isa = XCBuildConfiguration;
			buildSettings = {
				ASSETCATALOG_COMPILER_GLOBAL_ACCENT_COLOR_NAME = AccentColor;
				ASSETCATALOG_COMPILER_WIDGET_BACKGROUND_COLOR_NAME = WidgetBackground;
				CODE_SIGN_ENTITLEMENTS = RandomJokeWidgetExtension.entitlements;
				CODE_SIGN_STYLE = Automatic;
				INFOPLIST_FILE = RandomJokeWidget/Info.plist;
				LD_RUNPATH_SEARCH_PATHS = (
					"$(inherited)",
					"@executable_path/Frameworks",
					"@executable_path/../../Frameworks",
				);
				PRODUCT_BUNDLE_IDENTIFIER = mkrophol.ChuckNorris.RandomJokeWidget;
				PRODUCT_NAME = "$(TARGET_NAME)";
				SKIP_INSTALL = YES;
				SWIFT_VERSION = 5.0;
				TARGETED_DEVICE_FAMILY = "1,2";
			};
			name = Release;
		};
		7B98881025E5465D0084085D /* Debug */ = {
			isa = XCBuildConfiguration;
			buildSettings = {
				ALWAYS_SEARCH_USER_PATHS = NO;
				CLANG_ANALYZER_NONNULL = YES;
				CLANG_ANALYZER_NUMBER_OBJECT_CONVERSION = YES_AGGRESSIVE;
				CLANG_CXX_LANGUAGE_STANDARD = "gnu++14";
				CLANG_CXX_LIBRARY = "libc++";
				CLANG_ENABLE_MODULES = YES;
				CLANG_ENABLE_OBJC_ARC = YES;
				CLANG_ENABLE_OBJC_WEAK = YES;
				CLANG_WARN_BLOCK_CAPTURE_AUTORELEASING = YES;
				CLANG_WARN_BOOL_CONVERSION = YES;
				CLANG_WARN_COMMA = YES;
				CLANG_WARN_CONSTANT_CONVERSION = YES;
				CLANG_WARN_DEPRECATED_OBJC_IMPLEMENTATIONS = YES;
				CLANG_WARN_DIRECT_OBJC_ISA_USAGE = YES_ERROR;
				CLANG_WARN_DOCUMENTATION_COMMENTS = YES;
				CLANG_WARN_EMPTY_BODY = YES;
				CLANG_WARN_ENUM_CONVERSION = YES;
				CLANG_WARN_INFINITE_RECURSION = YES;
				CLANG_WARN_INT_CONVERSION = YES;
				CLANG_WARN_NON_LITERAL_NULL_CONVERSION = YES;
				CLANG_WARN_OBJC_IMPLICIT_RETAIN_SELF = YES;
				CLANG_WARN_OBJC_LITERAL_CONVERSION = YES;
				CLANG_WARN_OBJC_ROOT_CLASS = YES_ERROR;
				CLANG_WARN_QUOTED_INCLUDE_IN_FRAMEWORK_HEADER = YES;
				CLANG_WARN_RANGE_LOOP_ANALYSIS = YES;
				CLANG_WARN_STRICT_PROTOTYPES = YES;
				CLANG_WARN_SUSPICIOUS_MOVE = YES;
				CLANG_WARN_UNGUARDED_AVAILABILITY = YES_AGGRESSIVE;
				CLANG_WARN_UNREACHABLE_CODE = YES;
				CLANG_WARN__DUPLICATE_METHOD_MATCH = YES;
				COPY_PHASE_STRIP = NO;
				DEBUG_INFORMATION_FORMAT = dwarf;
				ENABLE_STRICT_OBJC_MSGSEND = YES;
				ENABLE_TESTABILITY = YES;
				GCC_C_LANGUAGE_STANDARD = gnu11;
				GCC_DYNAMIC_NO_PIC = NO;
				GCC_NO_COMMON_BLOCKS = YES;
				GCC_OPTIMIZATION_LEVEL = 0;
				GCC_PREPROCESSOR_DEFINITIONS = (
					"DEBUG=1",
					"$(inherited)",
				);
				GCC_WARN_64_TO_32_BIT_CONVERSION = YES;
				GCC_WARN_ABOUT_RETURN_TYPE = YES_ERROR;
				GCC_WARN_UNDECLARED_SELECTOR = YES;
				GCC_WARN_UNINITIALIZED_AUTOS = YES_AGGRESSIVE;
				GCC_WARN_UNUSED_FUNCTION = YES;
				GCC_WARN_UNUSED_VARIABLE = YES;
				IPHONEOS_DEPLOYMENT_TARGET = 14.4;
				MTL_ENABLE_DEBUG_INFO = INCLUDE_SOURCE;
				MTL_FAST_MATH = YES;
				ONLY_ACTIVE_ARCH = YES;
				SDKROOT = iphoneos;
				SWIFT_ACTIVE_COMPILATION_CONDITIONS = DEBUG;
				SWIFT_OPTIMIZATION_LEVEL = "-Onone";
			};
			name = Debug;
		};
		7B98881125E5465D0084085D /* Release */ = {
			isa = XCBuildConfiguration;
			buildSettings = {
				ALWAYS_SEARCH_USER_PATHS = NO;
				CLANG_ANALYZER_NONNULL = YES;
				CLANG_ANALYZER_NUMBER_OBJECT_CONVERSION = YES_AGGRESSIVE;
				CLANG_CXX_LANGUAGE_STANDARD = "gnu++14";
				CLANG_CXX_LIBRARY = "libc++";
				CLANG_ENABLE_MODULES = YES;
				CLANG_ENABLE_OBJC_ARC = YES;
				CLANG_ENABLE_OBJC_WEAK = YES;
				CLANG_WARN_BLOCK_CAPTURE_AUTORELEASING = YES;
				CLANG_WARN_BOOL_CONVERSION = YES;
				CLANG_WARN_COMMA = YES;
				CLANG_WARN_CONSTANT_CONVERSION = YES;
				CLANG_WARN_DEPRECATED_OBJC_IMPLEMENTATIONS = YES;
				CLANG_WARN_DIRECT_OBJC_ISA_USAGE = YES_ERROR;
				CLANG_WARN_DOCUMENTATION_COMMENTS = YES;
				CLANG_WARN_EMPTY_BODY = YES;
				CLANG_WARN_ENUM_CONVERSION = YES;
				CLANG_WARN_INFINITE_RECURSION = YES;
				CLANG_WARN_INT_CONVERSION = YES;
				CLANG_WARN_NON_LITERAL_NULL_CONVERSION = YES;
				CLANG_WARN_OBJC_IMPLICIT_RETAIN_SELF = YES;
				CLANG_WARN_OBJC_LITERAL_CONVERSION = YES;
				CLANG_WARN_OBJC_ROOT_CLASS = YES_ERROR;
				CLANG_WARN_QUOTED_INCLUDE_IN_FRAMEWORK_HEADER = YES;
				CLANG_WARN_RANGE_LOOP_ANALYSIS = YES;
				CLANG_WARN_STRICT_PROTOTYPES = YES;
				CLANG_WARN_SUSPICIOUS_MOVE = YES;
				CLANG_WARN_UNGUARDED_AVAILABILITY = YES_AGGRESSIVE;
				CLANG_WARN_UNREACHABLE_CODE = YES;
				CLANG_WARN__DUPLICATE_METHOD_MATCH = YES;
				COPY_PHASE_STRIP = NO;
				DEBUG_INFORMATION_FORMAT = "dwarf-with-dsym";
				ENABLE_NS_ASSERTIONS = NO;
				ENABLE_STRICT_OBJC_MSGSEND = YES;
				GCC_C_LANGUAGE_STANDARD = gnu11;
				GCC_NO_COMMON_BLOCKS = YES;
				GCC_WARN_64_TO_32_BIT_CONVERSION = YES;
				GCC_WARN_ABOUT_RETURN_TYPE = YES_ERROR;
				GCC_WARN_UNDECLARED_SELECTOR = YES;
				GCC_WARN_UNINITIALIZED_AUTOS = YES_AGGRESSIVE;
				GCC_WARN_UNUSED_FUNCTION = YES;
				GCC_WARN_UNUSED_VARIABLE = YES;
				IPHONEOS_DEPLOYMENT_TARGET = 14.4;
				MTL_ENABLE_DEBUG_INFO = NO;
				MTL_FAST_MATH = YES;
				SDKROOT = iphoneos;
				SWIFT_COMPILATION_MODE = wholemodule;
				SWIFT_OPTIMIZATION_LEVEL = "-O";
				VALIDATE_PRODUCT = YES;
			};
			name = Release;
		};
		7B98881325E5465D0084085D /* Debug */ = {
			isa = XCBuildConfiguration;
			buildSettings = {
				ALWAYS_EMBED_SWIFT_STANDARD_LIBRARIES = YES;
				ASSETCATALOG_COMPILER_APPICON_NAME = AppIcon;
				ASSETCATALOG_COMPILER_GLOBAL_ACCENT_COLOR_NAME = AccentColor;
				CODE_SIGN_ENTITLEMENTS = ChuckNorris/ChuckNorris.entitlements;
				CODE_SIGN_STYLE = Automatic;
				DEVELOPMENT_ASSET_PATHS = "\"ChuckNorris/Preview Content\"";
				DEVELOPMENT_TEAM = 45A9W2MVL6;
				ENABLE_PREVIEWS = YES;
				INFOPLIST_FILE = ChuckNorris/Info.plist;
				IPHONEOS_DEPLOYMENT_TARGET = 14.0;
				LD_RUNPATH_SEARCH_PATHS = (
					"$(inherited)",
					"@executable_path/Frameworks",
				);
				PRODUCT_BUNDLE_IDENTIFIER = mkrophol.ChuckNorris;
				PRODUCT_NAME = "$(TARGET_NAME)";
				SWIFT_VERSION = 5.0;
				TARGETED_DEVICE_FAMILY = "1,2";
			};
			name = Debug;
		};
		7B98881425E5465D0084085D /* Release */ = {
			isa = XCBuildConfiguration;
			buildSettings = {
				ALWAYS_EMBED_SWIFT_STANDARD_LIBRARIES = YES;
				ASSETCATALOG_COMPILER_APPICON_NAME = AppIcon;
				ASSETCATALOG_COMPILER_GLOBAL_ACCENT_COLOR_NAME = AccentColor;
				CODE_SIGN_ENTITLEMENTS = ChuckNorris/ChuckNorris.entitlements;
				CODE_SIGN_STYLE = Automatic;
				DEVELOPMENT_ASSET_PATHS = "\"ChuckNorris/Preview Content\"";
				ENABLE_PREVIEWS = YES;
				INFOPLIST_FILE = ChuckNorris/Info.plist;
				IPHONEOS_DEPLOYMENT_TARGET = 14.0;
				LD_RUNPATH_SEARCH_PATHS = (
					"$(inherited)",
					"@executable_path/Frameworks",
				);
				PRODUCT_BUNDLE_IDENTIFIER = mkrophol.ChuckNorris;
				PRODUCT_NAME = "$(TARGET_NAME)";
				SWIFT_VERSION = 5.0;
				TARGETED_DEVICE_FAMILY = "1,2";
			};
			name = Release;
		};
		7B98881625E5465D0084085D /* Debug */ = {
			isa = XCBuildConfiguration;
			buildSettings = {
				ALWAYS_EMBED_SWIFT_STANDARD_LIBRARIES = YES;
				BUNDLE_LOADER = "$(TEST_HOST)";
				CODE_SIGN_STYLE = Automatic;
				INFOPLIST_FILE = ChuckNorrisTests/Info.plist;
				IPHONEOS_DEPLOYMENT_TARGET = 14.0;
				LD_RUNPATH_SEARCH_PATHS = (
					"$(inherited)",
					"@executable_path/Frameworks",
					"@loader_path/Frameworks",
				);
				PRODUCT_BUNDLE_IDENTIFIER = mkrophol.ChuckNorrisTests;
				PRODUCT_NAME = "$(TARGET_NAME)";
				SWIFT_VERSION = 5.0;
				TARGETED_DEVICE_FAMILY = "1,2";
				TEST_HOST = "$(BUILT_PRODUCTS_DIR)/ChuckNorris.app/ChuckNorris";
			};
			name = Debug;
		};
		7B98881725E5465D0084085D /* Release */ = {
			isa = XCBuildConfiguration;
			buildSettings = {
				ALWAYS_EMBED_SWIFT_STANDARD_LIBRARIES = YES;
				BUNDLE_LOADER = "$(TEST_HOST)";
				CODE_SIGN_STYLE = Automatic;
				INFOPLIST_FILE = ChuckNorrisTests/Info.plist;
				IPHONEOS_DEPLOYMENT_TARGET = 14.0;
				LD_RUNPATH_SEARCH_PATHS = (
					"$(inherited)",
					"@executable_path/Frameworks",
					"@loader_path/Frameworks",
				);
				PRODUCT_BUNDLE_IDENTIFIER = mkrophol.ChuckNorrisTests;
				PRODUCT_NAME = "$(TARGET_NAME)";
				SWIFT_VERSION = 5.0;
				TARGETED_DEVICE_FAMILY = "1,2";
				TEST_HOST = "$(BUILT_PRODUCTS_DIR)/ChuckNorris.app/ChuckNorris";
			};
			name = Release;
		};
		7B98881925E5465D0084085D /* Debug */ = {
			isa = XCBuildConfiguration;
			buildSettings = {
				ALWAYS_EMBED_SWIFT_STANDARD_LIBRARIES = YES;
				CODE_SIGN_STYLE = Automatic;
				INFOPLIST_FILE = ChuckNorrisUITests/Info.plist;
				LD_RUNPATH_SEARCH_PATHS = (
					"$(inherited)",
					"@executable_path/Frameworks",
					"@loader_path/Frameworks",
				);
				PRODUCT_BUNDLE_IDENTIFIER = mkrophol.ChuckNorrisUITests;
				PRODUCT_NAME = "$(TARGET_NAME)";
				SWIFT_VERSION = 5.0;
				TARGETED_DEVICE_FAMILY = "1,2";
				TEST_TARGET_NAME = ChuckNorris;
			};
			name = Debug;
		};
		7B98881A25E5465D0084085D /* Release */ = {
			isa = XCBuildConfiguration;
			buildSettings = {
				ALWAYS_EMBED_SWIFT_STANDARD_LIBRARIES = YES;
				CODE_SIGN_STYLE = Automatic;
				INFOPLIST_FILE = ChuckNorrisUITests/Info.plist;
				LD_RUNPATH_SEARCH_PATHS = (
					"$(inherited)",
					"@executable_path/Frameworks",
					"@loader_path/Frameworks",
				);
				PRODUCT_BUNDLE_IDENTIFIER = mkrophol.ChuckNorrisUITests;
				PRODUCT_NAME = "$(TARGET_NAME)";
				SWIFT_VERSION = 5.0;
				TARGETED_DEVICE_FAMILY = "1,2";
				TEST_TARGET_NAME = ChuckNorris;
			};
			name = Release;
		};
/* End XCBuildConfiguration section */

/* Begin XCConfigurationList section */
		7B2774C525ECFD79006E8395 /* Build configuration list for PBXNativeTarget "RandomJokeWidgetExtension" */ = {
			isa = XCConfigurationList;
			buildConfigurations = (
				7B2774C325ECFD79006E8395 /* Debug */,
				7B2774C425ECFD79006E8395 /* Release */,
			);
			defaultConfigurationIsVisible = 0;
			defaultConfigurationName = Release;
		};
		7B9887E825E5465B0084085D /* Build configuration list for PBXProject "ChuckNorris" */ = {
			isa = XCConfigurationList;
			buildConfigurations = (
				7B98881025E5465D0084085D /* Debug */,
				7B98881125E5465D0084085D /* Release */,
			);
			defaultConfigurationIsVisible = 0;
			defaultConfigurationName = Release;
		};
		7B98881225E5465D0084085D /* Build configuration list for PBXNativeTarget "ChuckNorris" */ = {
			isa = XCConfigurationList;
			buildConfigurations = (
				7B98881325E5465D0084085D /* Debug */,
				7B98881425E5465D0084085D /* Release */,
			);
			defaultConfigurationIsVisible = 0;
			defaultConfigurationName = Release;
		};
		7B98881525E5465D0084085D /* Build configuration list for PBXNativeTarget "ChuckNorrisTests" */ = {
			isa = XCConfigurationList;
			buildConfigurations = (
				7B98881625E5465D0084085D /* Debug */,
				7B98881725E5465D0084085D /* Release */,
			);
			defaultConfigurationIsVisible = 0;
			defaultConfigurationName = Release;
		};
		7B98881825E5465D0084085D /* Build configuration list for PBXNativeTarget "ChuckNorrisUITests" */ = {
			isa = XCConfigurationList;
			buildConfigurations = (
				7B98881925E5465D0084085D /* Debug */,
				7B98881A25E5465D0084085D /* Release */,
			);
			defaultConfigurationIsVisible = 0;
			defaultConfigurationName = Release;
		};
/* End XCConfigurationList section */
	};
	rootObject = 7B9887E525E5465B0084085D /* Project object */;
}
